{
  "version": 2,
  "dependencies": {
    "net10.0": {
      "libsodium": {
        "type": "Transitive",
        "resolved": "1.0.22",
        "contentHash": "KPD9SloJFclrsjnhABu7dzWrcyYkwPbvx5l1gRSPAX/0n+OBtSiVCKtGFv4n+ecWUHU0tCG9LSSwoZZx673zBQ=="
      },
      "curia.application": {
        "type": "Project",
        "dependencies": {
          "Curia.Domain": "[1.0.0, )"
        }
      },
      "curia.authn": {
        "type": "Project",
        "dependencies": {
          "Curia.Canon": "[1.0.0, )",
          "Curia.Domain.Primitives": "[1.0.0, )"
        }
      },
      "curia.canon": {
        "type": "Project",
        "dependencies": {
          "Curia.Domain.Primitives": "[1.0.0, )"
        }
      },
      "curia.canon.sodium": {
        "type": "Project",
        "dependencies": {
          "Curia.Canon": "[1.0.0, )",
          "NSec.Cryptography": "[26.4.0, )"
        }
      },
      "curia.domain": {
        "type": "Project",
        "dependencies": {
          "Curia.Canon": "[1.0.0, )",
          "Curia.Domain.Primitives": "[1.0.0, )"
        }
      },
      "curia.domain.primitives": {
        "type": "Project"
      },
      "curia.infrastructure": {
        "type": "Project",
        "dependencies": {
          "Curia.Application": "[1.0.0, )",
          "Curia.AuthN": "[1.0.0, )",
          "Curia.Canon": "[1.0.0, )",
          "Npgsql": "[10.0.3, )"
        }
      },
      "Npgsql": {
        "type": "CentralTransitive",
        "requested": "[10.0.3, )",
        "resolved": "10.0.3",
        "contentHash": "7nb5YzXuvWWJxB0J8DiyL3we+X4FOctZrt0fIBnucOIaIevFEEwGQVZKtiu9olXdlNAK1eNgqSral6r/jlhI4w=="
      },
      "NSec.Cryptography": {
        "type": "CentralTransitive",
        "requested": "[26.4.0, )",
        "resolved": "26.4.0",
        "contentHash": "0vsCtY5f+YgQROiWNqzgWp+l2pddfk9FkWoGV/bEo0MuEYPKlJWuoA8aOfO6qp3f+EnObKE3zSJhn1PspJeJVg==",
        "dependencies": {
          "libsodium": "[1.0.22, 1.0.23)"
        }
      }
    }
  }
}